// !$*UTF8*$!
{
	archiveVersion = 1;
	classes = {
	};
	objectVersion = 46;
	objects = {

/* Begin PBXBuildFile section */
		8C4958BB1DAE2BF7007FB482 /* main.m in Sources */ = {isa = PBXBuildFile; fileRef = 8C4958BA1DAE2BF7007FB482 /* main.m */; };
		8C4958BE1DAE2BF7007FB482 /* AppDelegate.m in Sources */ = {isa = PBXBuildFile; fileRef = 8C4958BD1DAE2BF7007FB482 /* AppDelegate.m */; };
		8C4958C11DAE2BF7007FB482 /* ViewController.m in Sources */ = {isa = PBXBuildFile; fileRef = 8C4958C01DAE2BF7007FB482 /* ViewController.m */; };
		8C4958C41DAE2BF7007FB482 /* Main.storyboard in Resources */ = {isa = PBXBuildFile; fileRef = 8C4958C21DAE2BF7007FB482 /* Main.storyboard */; };
		8C4958C61DAE2BF8007FB482 /* Assets.xcassets in Resources */ = {isa = PBXBuildFile; fileRef = 8C4958C51DAE2BF8007FB482 /* Assets.xcassets */; };
		8C4958C91DAE2BF8007FB482 /* LaunchScreen.storyboard in Resources */ = {isa = PBXBuildFile; fileRef = 8C4958C71DAE2BF8007FB482 /* LaunchScreen.storyboard */; };
		8CDB56081DAE422D00F214C9 /* CoreLocation.framework in Frameworks */ = {isa = PBXBuildFile; fileRef = 8CDB56071DAE422D00F214C9 /* CoreLocation.framework */; };
		8CDB560A1DAE423D00F214C9 /* MapKit.framework in Frameworks */ = {isa = PBXBuildFile; fileRef = 8CDB56091DAE423D00F214C9 /* MapKit.framework */; };
/* End PBXBuildFile section */

/* Begin PBXFileReference section */
		8C4958B61DAE2BF7007FB482 /* MNWhereAMI.app */ = {isa = PBXFileReference; explicitFileType = wrapper.application; includeInIndex = 0; path = MNWhereAMI.app; sourceTree = BUILT_PRODUCTS_DIR; };
		8C4958BA1DAE2BF7007FB482 /* main.m */ = {isa = PBXFileReference; lastKnownFileType = sourcecode.c.objc; path = main.m; sourceTree = "<group>"; };
		8C4958BC1DAE2BF7007FB482 /* AppDelegate.h */ = {isa = PBXFileReference; lastKnownFileType = sourcecode.c.h; path = AppDelegate.h; sourceTree = "<group>"; };
		8C4958BD1DAE2BF7007FB482 /* AppDelegate.m */ = {isa = PBXFileReference; lastKnownFileType = sourcecode.c.objc; path = AppDelegate.m; sourceTree = "<group>"; };
		8C4958BF1DAE2BF7007FB482 /* ViewController.h */ = {isa = PBXFileReference; lastKnownFileType = sourcecode.c.h; path = ViewController.h; sourceTree = "<group>"; };
		8C4958C01DAE2BF7007FB482 /* ViewController.m */ = {isa = PBXFileReference; lastKnownFileType = sourcecode.c.objc; path = ViewController.m; sourceTree = "<group>"; };
		8C4958C31DAE2BF7007FB482 /* Base */ = {isa = PBXFileReference; lastKnownFileType = file.storyboard; name = Base; path = Base.lproj/Main.storyboard; sourceTree = "<group>"; };
		8C4958C51DAE2BF8007FB482 /* Assets.xcassets */ = {isa = PBXFileReference; lastKnownFileType = folder.assetcatalog; path = Assets.xcassets; sourceTree = "<group>"; };
		8C4958C81DAE2BF8007FB482 /* Base */ = {isa = PBXFileReference; lastKnownFileType = file.storyboard; name = Base; path = Base.lproj/LaunchScreen.storyboard; sourceTree = "<group>"; };
		8C4958CA1DAE2BF8007FB482 /* Info.plist */ = {isa = PBXFileReference; lastKnownFileType = text.plist.xml; path = Info.plist; sourceTree = "<group>"; };
		8CDB56071DAE422D00F214C9 /* CoreLocation.framework */ = {isa = PBXFileReference; lastKnownFileType = wrapper.framework; name = CoreLocation.framework; path = System/Library/Frameworks/CoreLocation.framework; sourceTree = SDKROOT; };
		8CDB56091DAE423D00F214C9 /* MapKit.framework */ = {isa = PBXFileReference; lastKnownFileType = wrapper.framework; name = MapKit.framework; path = System/Library/Frameworks/MapKit.framework; sourceTree = SDKROOT; };
/* End PBXFileReference section */

/* Begin PBXFrameworksBuildPhase section */
		8C4958B31DAE2BF7007FB482 /* Frameworks */ = {
			isa = PBXFrameworksBuildPhase;
			buildActionMask = 2147483647;
			files = (
				8CDB560A1DAE423D00F214C9 /* MapKit.framework in Frameworks */,
				8CDB56081DAE422D00F214C9 /* CoreLocation.framework in Frameworks */,
			);
			runOnlyForDeploymentPostprocessing = 0;
		};
/* End PBXFrameworksBuildPhase section */

/* Begin PBXGroup section */
		8C4958AD1DAE2BF7007FB482 = {
			isa = PBXGroup;
			children = (
				8CDB56091DAE423D00F214C9 /* MapKit.framework */,
				8CDB56071DAE422D00F214C9 /* CoreLocation.framework */,
				8C4958B81DAE2BF7007FB482 /* MNWhereAMI */,
				8C4958B71DAE2BF7007FB482 /* Products */,
			);
			sourceTree = "<group>";
		};
		8C4958B71DAE2BF7007FB482 /* Products */ = {
			isa = PBXGroup;
			children = (
				8C4958B61DAE2BF7007FB482 /* MNWhereAMI.app */,
			);
			name = Products;
			sourceTree = "<group>";
		};
		8C4958B81DAE2BF7007FB482 /* MNWhereAMI */ = {
			isa = PBXGroup;
			children = (
				8C4958BC1DAE2BF7007FB482 /* AppDelegate.h */,
				8C4958BD1DAE2BF7007FB482 /* AppDelegate.m */,
				8C4958BF1DAE2BF7007FB482 /* ViewController.h */,
				8C4958C01DAE2BF7007FB482 /* ViewController.m */,
				8C4958C21DAE2BF7007FB482 /* Main.storyboard */,
				8C4958C51DAE2BF8007FB482 /* Assets.xcassets */,
				8C4958C71DAE2BF8007FB482 /* LaunchScreen.storyboard */,
				8C4958CA1DAE2BF8007FB482 /* Info.plist */,
				8C4958B91DAE2BF7007FB482 /* Supporting Files */,
			);
			path = MNWhereAMI;
			sourceTree = "<group>";
		};
		8C4958B91DAE2BF7007FB482 /* Supporting Files */ = {
			isa = PBXGroup;
			children = (
				8C4958BA1DAE2BF7007FB482 /* main.m */,
			);
			name = "Supporting Files";
			sourceTree = "<group>";
		};
/* End PBXGroup section */

/* Begin PBXNativeTarget section */
		8C4958B51DAE2BF7007FB482 /* MNWhereAMI */ = {
			isa = PBXNativeTarget;
			buildConfigurationList = 8C4958CD1DAE2BF8007FB482 /* Build configuration list for PBXNativeTarget "MNWhereAMI" */;
			buildPhases = (
				8C4958B21DAE2BF7007FB482 /* Sources */,
				8C4958B31DAE2BF7007FB482 /* Frameworks */,
				8C4958B41DAE2BF7007FB482 /* Resources */,
			);
			buildRules = (
			);
			dependencies = (
			);
			name = MNWhereAMI;
			productName = MNWhereAMI;
			productReference = 8C4958B61DAE2BF7007FB482 /* MNWhereAMI.app */;
			productType = "com.apple.product-type.application";
		};
/* End PBXNativeTarget section */

/* Begin PBXProject section */
		8C4958AE1DAE2BF7007FB482 /* Project object */ = {
			isa = PBXProject;
			attributes = {
				LastUpgradeCheck = 0730;
				ORGANIZATIONNAME = "Mrunalini Nemade";
				TargetAttributes = {
					8C4958B51DAE2BF7007FB482 = {
						CreatedOnToolsVersion = 7.3.1;
					};
				};
			};
			buildConfigurationList = 8C4958B11DAE2BF7007FB482 /* Build configuration list for PBXProject "MNWhereAMI" */;
			compatibilityVersion = "Xcode 3.2";
			developmentRegion = English;
			hasScannedForEncodings = 0;
			knownRegions = (
				en,
				Base,
			);
			mainGroup = 8C4958AD1DAE2BF7007FB482;
			productRefGroup = 8C4958B71DAE2BF7007FB482 /* Products */;
			projectDirPath = "";
			projectRoot = "";
			targets = (
				8C4958B51DAE2BF7007FB482 /* MNWhereAMI */,
			);
		};
/* End PBXProject section */

/* Begin PBXResourcesBuildPhase section */
		8C4958B41DAE2BF7007FB482 /* Resources */ = {
			isa = PBXResourcesBuildPhase;
			buildActionMask = 2147483647;
			files = (
				8C4958C91DAE2BF8007FB482 /* LaunchScreen.storyboard in Resources */,
				8C4958C61DAE2BF8007FB482 /* Assets.xcassets in Resources */,
				8C4958C41DAE2BF7007FB482 /* Main.storyboard in Resources */,
			);
			runOnlyForDeploymentPostprocessing = 0;
		};
/* End PBXResourcesBuildPhase section */

/* Begin PBXSourcesBuildPhase section */
		8C4958B21DAE2BF7007FB482 /* Sources */ = {
			isa = PBXSourcesBuildPhase;
			buildActionMask = 2147483647;
			files = (
				8C4958C11DAE2BF7007FB482 /* ViewController.m in Sources */,
				8C4958BE1DAE2BF7007FB482 /* AppDelegate.m in Sources */,
				8C4958BB1DAE2BF7007FB482 /* main.m in Sources */,
			);
			runOnlyForDeploymentPostprocessing = 0;
		};
/* End PBXSourcesBuildPhase section */

/* Begin PBXVariantGroup section */
		8C4958C21DAE2BF7007FB482 /* Main.storyboard */ = {
			isa = PBXVariantGroup;
			children = (
				8C4958C31DAE2BF7007FB482 /* Base */,
			);
			name = Main.storyboard;
			sourceTree = "<group>";
		};
		8C4958C71DAE2BF8007FB482 /* LaunchScreen.storyboard */ = {
			isa = PBXVariantGroup;
			children = (
				8C4958C81DAE2BF8007FB482 /* Base */,
			);
			name = LaunchScreen.storyboard;
			sourceTree = "<group>";
		};
/* End PBXVariantGroup section */

/* Begin XCBuildConfiguration section */
		8C4958CB1DAE2BF8007FB482 /* Debug */ = {
			isa = XCBuildConfiguration;
			buildSettings = {
				ALWAYS_SEARCH_USER_PATHS = NO;
				CLANG_ANALYZER_NONNULL = YES;
				CLANG_CXX_LANGUAGE_STANDARD = "gnu++0x";
				CLANG_CXX_LIBRARY = "libc++";
				CLANG_ENABLE_MODULES = YES;
				CLANG_ENABLE_OBJC_ARC = YES;
				CLANG_WARN_BOOL_CONVERSION = YES;
				CLANG_WARN_CONSTANT_CONVERSION = YES;
				CLANG_WARN_DIRECT_OBJC_ISA_USAGE = YES_ERROR;
				CLANG_WARN_EMPTY_BODY = YES;
				CLANG_WARN_ENUM_CONVERSION = YES;
				CLANG_WARN_INT_CONVERSION = YES;
				CLANG_WARN_OBJC_ROOT_CLASS = YES_ERROR;
				CLANG_WARN_UNREACHABLE_CODE = YES;
				CLANG_WARN__DUPLICATE_METHOD_MATCH = YES;
				"CODE_SIGN_IDENTITY[sdk=iphoneos*]" = "iPhone Developer";
				COPY_PHASE_STRIP = NO;
				DEBUG_INFORMATION_FORMAT = dwarf;
				ENABLE_STRICT_OBJC_MSGSEND = YES;
				ENABLE_TESTABILITY = YES;
				GCC_C_LANGUAGE_STANDARD = gnu99;
				GCC_DYNAMIC_NO_PIC = NO;
				GCC_NO_COMMON_BLOCKS = YES;
				GCC_OPTIMIZATION_LEVEL = 0;
				GCC_PREPROCESSOR_DEFINITIONS = (
					"DEBUG=1",
					"$(inherited)",
				);
				GCC_WARN_64_TO_32_BIT_CONVERSION = YES;
				GCC_WARN_ABOUT_RETURN_TYPE = YES_ERROR;
				GCC_WARN_UNDECLARED_SELECTOR = YES;
				GCC_WARN_UNINITIALIZED_AUTOS = YES_AGGRESSIVE;
				GCC_WARN_UNUSED_FUNCTION = YES;
				GCC_WARN_UNUSED_VARIABLE = YES;
				IPHONEOS_DEPLOYMENT_TARGET = 9.3;
				MTL_ENABLE_DEBUG_INFO = YES;
				ONLY_ACTIVE_ARCH = YES;
				SDKROOT = iphoneos;
				TARGETED_DEVICE_FAMILY = "1,2";
			};
			name = Debug;
		};
		8C4958CC1DAE2BF8007FB482 /* Release */ = {
			isa = XCBuildConfiguration;
			buildSettings = {
				ALWAYS_SEARCH_USER_PATHS = NO;
				CLANG_ANALYZER_NONNULL = YES;
				CLANG_CXX_LANGUAGE_STANDARD = "gnu++0x";
				CLANG_CXX_LIBRARY = "libc++";
				CLANG_ENABLE_MODULES = YES;
				CLANG_ENABLE_OBJC_ARC = YES;
				CLANG_WARN_BOOL_CONVERSION = YES;
				CLANG_WARN_CONSTANT_CONVERSION = YES;
				CLANG_WARN_DIRECT_OBJC_ISA_USAGE = YES_ERROR;
				CLANG_WARN_EMPTY_BODY = YES;
				CLANG_WARN_ENUM_CONVERSION = YES;
				CLANG_WARN_INT_CONVERSION = YES;
				CLANG_WARN_OBJC_ROOT_CLASS = YES_ERROR;
				CLANG_WARN_UNREACHABLE_CODE = YES;
				CLANG_WARN__DUPLICATE_METHOD_MATCH = YES;
				"CODE_SIGN_IDENTITY[sdk=iphoneos*]" = "iPhone Developer";
				COPY_PHASE_STRIP = NO;
				DEBUG_INFORMATION_FORMAT = "dwarf-with-dsym";
				ENABLE_NS_ASSERTIONS = NO;
				ENABLE_STRICT_OBJC_MSGSEND = YES;
				GCC_C_LANGUAGE_STANDARD = gnu99;
				GCC_NO_COMMON_BLOCKS = YES;
				GCC_WARN_64_TO_32_BIT_CONVERSION = YES;
				GCC_WARN_ABOUT_RETURN_TYPE = YES_ERROR;
				GCC_WARN_UNDECLARED_SELECTOR = YES;
				GCC_WARN_UNINITIALIZED_AUTOS = YES_AGGRESSIVE;
				GCC_WARN_UNUSED_FUNCTION = YES;
				GCC_WARN_UNUSED_VARIABLE = YES;
				IPHONEOS_DEPLOYMENT_TARGET = 9.3;
				MTL_ENABLE_DEBUG_INFO = NO;
				SDKROOT = iphoneos;
				TARGETED_DEVICE_FAMILY = "1,2";
				VALIDATE_PRODUCT = YES;
			};
			name = Release;
		};
		8C4958CE1DAE2BF8007FB482 /* Debug */ = {
			isa = XCBuildConfiguration;
			buildSettings = {
				ASSETCATALOG_COMPILER_APPICON_NAME = AppIcon;
				INFOPLIST_FILE = MNWhereAMI/Info.plist;
				LD_RUNPATH_SEARCH_PATHS = "$(inherited) @executable_path/Frameworks";
				PRODUCT_BUNDLE_IDENTIFIER = com.Mrunalini.MNWhereAMI;
				PRODUCT_NAME = "$(TARGET_NAME)";
			};
			name = Debug;
		};
		8C4958CF1DAE2BF8007FB482 /* Release */ = {
			isa = XCBuildConfiguration;
			buildSettings = {
				ASSETCATALOG_COMPILER_APPICON_NAME = AppIcon;
				INFOPLIST_FILE = MNWhereAMI/Info.plist;
				LD_RUNPATH_SEARCH_PATHS = "$(inherited) @executable_path/Frameworks";
				PRODUCT_BUNDLE_IDENTIFIER = com.Mrunalini.MNWhereAMI;
				PRODUCT_NAME = "$(TARGET_NAME)";
			};
			name = Release;
		};
/* End XCBuildConfiguration section */

/* Begin XCConfigurationList section */
		8C4958B11DAE2BF7007FB482 /* Build configuration list for PBXProject "MNWhereAMI" */ = {
			isa = XCConfigurationList;
			buildConfigurations = (
				8C4958CB1DAE2BF8007FB482 /* Debug */,
				8C4958CC1DAE2BF8007FB482 /* Release */,
			);
			defaultConfigurationIsVisible = 0;
			defaultConfigurationName = Release;
		};
		8C4958CD1DAE2BF8007FB482 /* Build configuration list for PBXNativeTarget "MNWhereAMI" */ = {
			isa = XCConfigurationList;
			buildConfigurations = (
				8C4958CE1DAE2BF8007FB482 /* Debug */,
				8C4958CF1DAE2BF8007FB482 /* Release */,
			);
			defaultConfigurationIsVisible = 0;
			defaultConfigurationName = Release;
		};
/* End XCConfigurationList section */
	};
	rootObject = 8C4958AE1DAE2BF7007FB482 /* Project object */;
}
